// !$*UTF8*$!
{
	archiveVersion = 1;
	classes = {
	};
	objectVersion = 56;
	objects = {

/* Begin PBXBuildFile section */
		01991E5FB537C54BF9D607D0 /* Pods_DemoCharts.framework in Frameworks */ = {isa = PBXBuildFile; fileRef = 6147A42D4C00D7971A931495 /* Pods_DemoCharts.framework */; };
		85A647692A9F2EF600F5E410 /*  UIView+Extension.swift in Sources */ = {isa = PBXBuildFile; fileRef = 85A647682A9F2EF600F5E410 /*  UIView+Extension.swift */; };
		85A6476D2A9F33D500F5E410 /* PieChartViewXib.xib in Resources */ = {isa = PBXBuildFile; fileRef = 85A6476C2A9F33D500F5E410 /* PieChartViewXib.xib */; };
		85A6476F2A9F33E100F5E410 /* PieChartViewXib.swift in Sources */ = {isa = PBXBuildFile; fileRef = 85A6476E2A9F33E100F5E410 /* PieChartViewXib.swift */; };
		85E50D402A9F23DC005B99C3 /* AppDelegate.swift in Sources */ = {isa = PBXBuildFile; fileRef = 85E50D3F2A9F23DC005B99C3 /* AppDelegate.swift */; };
		85E50D422A9F23DC005B99C3 /* SceneDelegate.swift in Sources */ = {isa = PBXBuildFile; fileRef = 85E50D412A9F23DC005B99C3 /* SceneDelegate.swift */; };
		85E50D442A9F23DC005B99C3 /* ViewController.swift in Sources */ = {isa = PBXBuildFile; fileRef = 85E50D432A9F23DC005B99C3 /* ViewController.swift */; };
		85E50D472A9F23DC005B99C3 /* Main.storyboard in Resources */ = {isa = PBXBuildFile; fileRef = 85E50D452A9F23DC005B99C3 /* Main.storyboard */; };
		85E50D492A9F23DE005B99C3 /* Assets.xcassets in Resources */ = {isa = PBXBuildFile; fileRef = 85E50D482A9F23DE005B99C3 /* Assets.xcassets */; };
		85E50D4C2A9F23DE005B99C3 /* LaunchScreen.storyboard in Resources */ = {isa = PBXBuildFile; fileRef = 85E50D4A2A9F23DE005B99C3 /* LaunchScreen.storyboard */; };
/* End PBXBuildFile section */

/* Begin PBXFileReference section */
		6147A42D4C00D7971A931495 /* Pods_DemoCharts.framework */ = {isa = PBXFileReference; explicitFileType = wrapper.framework; includeInIndex = 0; path = Pods_DemoCharts.framework; sourceTree = BUILT_PRODUCTS_DIR; };
		85A647682A9F2EF600F5E410 /*  UIView+Extension.swift */ = {isa = PBXFileReference; lastKnownFileType = sourcecode.swift; path = " UIView+Extension.swift"; sourceTree = "<group>"; };
		85A6476C2A9F33D500F5E410 /* PieChartViewXib.xib */ = {isa = PBXFileReference; lastKnownFileType = file.xib; path = PieChartViewXib.xib; sourceTree = "<group>"; };
		85A6476E2A9F33E100F5E410 /* PieChartViewXib.swift */ = {isa = PBXFileReference; lastKnownFileType = sourcecode.swift; path = PieChartViewXib.swift; sourceTree = "<group>"; };
		85E50D3C2A9F23DC005B99C3 /* DemoCharts.app */ = {isa = PBXFileReference; explicitFileType = wrapper.application; includeInIndex = 0; path = DemoCharts.app; sourceTree = BUILT_PRODUCTS_DIR; };
		85E50D3F2A9F23DC005B99C3 /* AppDelegate.swift */ = {isa = PBXFileReference; lastKnownFileType = sourcecode.swift; path = AppDelegate.swift; sourceTree = "<group>"; };
		85E50D412A9F23DC005B99C3 /* SceneDelegate.swift */ = {isa = PBXFileReference; lastKnownFileType = sourcecode.swift; path = SceneDelegate.swift; sourceTree = "<group>"; };
		85E50D432A9F23DC005B99C3 /* ViewController.swift */ = {isa = PBXFileReference; lastKnownFileType = sourcecode.swift; path = ViewController.swift; sourceTree = "<group>"; };
		85E50D462A9F23DC005B99C3 /* Base */ = {isa = PBXFileReference; lastKnownFileType = file.storyboard; name = Base; path = Base.lproj/Main.storyboard; sourceTree = "<group>"; };
		85E50D482A9F23DE005B99C3 /* Assets.xcassets */ = {isa = PBXFileReference; lastKnownFileType = folder.assetcatalog; path = Assets.xcassets; sourceTree = "<group>"; };
		85E50D4B2A9F23DE005B99C3 /* Base */ = {isa = PBXFileReference; lastKnownFileType = file.storyboard; name = Base; path = Base.lproj/LaunchScreen.storyboard; sourceTree = "<group>"; };
		85E50D4D2A9F23DE005B99C3 /* Info.plist */ = {isa = PBXFileReference; lastKnownFileType = text.plist.xml; path = Info.plist; sourceTree = "<group>"; };
		BD830926749313FD293DE4D1 /* Pods-DemoCharts.debug.xcconfig */ = {isa = PBXFileReference; includeInIndex = 1; lastKnownFileType = text.xcconfig; name = "Pods-DemoCharts.debug.xcconfig"; path = "Target Support Files/Pods-DemoCharts/Pods-DemoCharts.debug.xcconfig"; sourceTree = "<group>"; };
		E7AA6BEB03C3435B9E85947B /* Pods-DemoCharts.release.xcconfig */ = {isa = PBXFileReference; includeInIndex = 1; lastKnownFileType = text.xcconfig; name = "Pods-DemoCharts.release.xcconfig"; path = "Target Support Files/Pods-DemoCharts/Pods-DemoCharts.release.xcconfig"; sourceTree = "<group>"; };
/* End PBXFileReference section */

/* Begin PBXFrameworksBuildPhase section */
		85E50D392A9F23DC005B99C3 /* Frameworks */ = {
			isa = PBXFrameworksBuildPhase;
			buildActionMask = 2147483647;
			files = (
				01991E5FB537C54BF9D607D0 /* Pods_DemoCharts.framework in Frameworks */,
			);
			runOnlyForDeploymentPostprocessing = 0;
		};
/* End PBXFrameworksBuildPhase section */

/* Begin PBXGroup section */
		3E0AF890BFE22D5EB21C4850 /* Frameworks */ = {
			isa = PBXGroup;
			children = (
				6147A42D4C00D7971A931495 /* Pods_DemoCharts.framework */,
			);
			name = Frameworks;
			sourceTree = "<group>";
		};
		574FFFBDC62688EEDB39A8C8 /* Pods */ = {
			isa = PBXGroup;
			children = (
				BD830926749313FD293DE4D1 /* Pods-DemoCharts.debug.xcconfig */,
				E7AA6BEB03C3435B9E85947B /* Pods-DemoCharts.release.xcconfig */,
			);
			path = Pods;
			sourceTree = "<group>";
		};
		85A647632A9F2C5B00F5E410 /* PieChart */ = {
			isa = PBXGroup;
			children = (
				85A6476C2A9F33D500F5E410 /* PieChartViewXib.xib */,
				85A6476E2A9F33E100F5E410 /* PieChartViewXib.swift */,
			);
			path = PieChart;
			sourceTree = SOURCE_ROOT;
		};
		85E50D332A9F23DC005B99C3 = {
			isa = PBXGroup;
			children = (
				85E50D3E2A9F23DC005B99C3 /* DemoCharts */,
				85E50D3D2A9F23DC005B99C3 /* Products */,
				574FFFBDC62688EEDB39A8C8 /* Pods */,
				3E0AF890BFE22D5EB21C4850 /* Frameworks */,
			);
			sourceTree = "<group>";
		};
		85E50D3D2A9F23DC005B99C3 /* Products */ = {
			isa = PBXGroup;
			children = (
				85E50D3C2A9F23DC005B99C3 /* DemoCharts.app */,
			);
			name = Products;
			sourceTree = "<group>";
		};
		85E50D3E2A9F23DC005B99C3 /* DemoCharts */ = {
			isa = PBXGroup;
			children = (
				85A647632A9F2C5B00F5E410 /* PieChart */,
				85E50D3F2A9F23DC005B99C3 /* AppDelegate.swift */,
				85E50D412A9F23DC005B99C3 /* SceneDelegate.swift */,
				85E50D432A9F23DC005B99C3 /* ViewController.swift */,
				85E50D452A9F23DC005B99C3 /* Main.storyboard */,
				85E50D482A9F23DE005B99C3 /* Assets.xcassets */,
				85E50D4A2A9F23DE005B99C3 /* LaunchScreen.storyboard */,
				85E50D4D2A9F23DE005B99C3 /* Info.plist */,
				85A647682A9F2EF600F5E410 /*  UIView+Extension.swift */,
			);
			path = DemoCharts;
			sourceTree = "<group>";
		};
/* End PBXGroup section */

/* Begin PBXNativeTarget section */
		85E50D3B2A9F23DC005B99C3 /* DemoCharts */ = {
			isa = PBXNativeTarget;
			buildConfigurationList = 85E50D502A9F23DE005B99C3 /* Build configuration list for PBXNativeTarget "DemoCharts" */;
			buildPhases = (
				65A5CABAB1F93000BC76B8DB /* [CP] Check Pods Manifest.lock */,
				85E50D382A9F23DC005B99C3 /* Sources */,
				85E50D392A9F23DC005B99C3 /* Frameworks */,
				85E50D3A2A9F23DC005B99C3 /* Resources */,
				907156548E69C34C88E54716 /* [CP] Embed Pods Frameworks */,
			);
			buildRules = (
			);
			dependencies = (
			);
			name = DemoCharts;
			productName = DemoCharts;
			productReference = 85E50D3C2A9F23DC005B99C3 /* DemoCharts.app */;
			productType = "com.apple.product-type.application";
		};
/* End PBXNativeTarget section */

/* Begin PBXProject section */
		85E50D342A9F23DC005B99C3 /* Project object */ = {
			isa = PBXProject;
			attributes = {
				BuildIndependentTargetsInParallel = 1;
				LastSwiftUpdateCheck = 1430;
				LastUpgradeCheck = 1430;
				TargetAttributes = {
					85E50D3B2A9F23DC005B99C3 = {
						CreatedOnToolsVersion = 14.3;
					};
				};
			};
			buildConfigurationList = 85E50D372A9F23DC005B99C3 /* Build configuration list for PBXProject "DemoCharts" */;
			compatibilityVersion = "Xcode 14.0";
			developmentRegion = en;
			hasScannedForEncodings = 0;
			knownRegions = (
				en,
				Base,
			);
			mainGroup = 85E50D332A9F23DC005B99C3;
			productRefGroup = 85E50D3D2A9F23DC005B99C3 /* Products */;
			projectDirPath = "";
			projectRoot = "";
			targets = (
				85E50D3B2A9F23DC005B99C3 /* DemoCharts */,
			);
		};
/* End PBXProject section */

/* Begin PBXResourcesBuildPhase section */
		85E50D3A2A9F23DC005B99C3 /* Resources */ = {
			isa = PBXResourcesBuildPhase;
			buildActionMask = 2147483647;
			files = (
				85E50D4C2A9F23DE005B99C3 /* LaunchScreen.storyboard in Resources */,
				85E50D492A9F23DE005B99C3 /* Assets.xcassets in Resources */,
				85A6476D2A9F33D500F5E410 /* PieChartViewXib.xib in Resources */,
				85E50D472A9F23DC005B99C3 /* Main.storyboard in Resources */,
			);
			runOnlyForDeploymentPostprocessing = 0;
		};
/* End PBXResourcesBuildPhase section */

/* Begin PBXShellScriptBuildPhase section */
		65A5CABAB1F93000BC76B8DB /* [CP] Check Pods Manifest.lock */ = {
			isa = PBXShellScriptBuildPhase;
			buildActionMask = 2147483647;
			files = (
			);
			inputFileListPaths = (
			);
			inputPaths = (
				"${PODS_PODFILE_DIR_PATH}/Podfile.lock",
				"${PODS_ROOT}/Manifest.lock",
			);
			name = "[CP] Check Pods Manifest.lock";
			outputFileListPaths = (
			);
			outputPaths = (
				"$(DERIVED_FILE_DIR)/Pods-DemoCharts-checkManifestLockResult.txt",
			);
			runOnlyForDeploymentPostprocessing = 0;
			shellPath = /bin/sh;
			shellScript = "diff \"${PODS_PODFILE_DIR_PATH}/Podfile.lock\" \"${PODS_ROOT}/Manifest.lock\" > /dev/null\nif [ $? != 0 ] ; then\n    # print error to STDERR\n    echo \"error: The sandbox is not in sync with the Podfile.lock. Run 'pod install' or update your CocoaPods installation.\" >&2\n    exit 1\nfi\n# This output is used by Xcode 'outputs' to avoid re-running this script phase.\necho \"SUCCESS\" > \"${SCRIPT_OUTPUT_FILE_0}\"\n";
			showEnvVarsInLog = 0;
		};
		907156548E69C34C88E54716 /* [CP] Embed Pods Frameworks */ = {
			isa = PBXShellScriptBuildPhase;
			buildActionMask = 2147483647;
			files = (
			);
			inputFileListPaths = (
				"${PODS_ROOT}/Target Support Files/Pods-DemoCharts/Pods-DemoCharts-frameworks-${CONFIGURATION}-input-files.xcfilelist",
			);
			name = "[CP] Embed Pods Frameworks";
			outputFileListPaths = (
				"${PODS_ROOT}/Target Support Files/Pods-DemoCharts/Pods-DemoCharts-frameworks-${CONFIGURATION}-output-files.xcfilelist",
			);
			runOnlyForDeploymentPostprocessing = 0;
			shellPath = /bin/sh;
			shellScript = "\"${PODS_ROOT}/Target Support Files/Pods-DemoCharts/Pods-DemoCharts-frameworks.sh\"\n";
			showEnvVarsInLog = 0;
		};
/* End PBXShellScriptBuildPhase section */

/* Begin PBXSourcesBuildPhase section */
		85E50D382A9F23DC005B99C3 /* Sources */ = {
			isa = PBXSourcesBuildPhase;
			buildActionMask = 2147483647;
			files = (
				85A6476F2A9F33E100F5E410 /* PieChartViewXib.swift in Sources */,
				85A647692A9F2EF600F5E410 /*  UIView+Extension.swift in Sources */,
				85E50D442A9F23DC005B99C3 /* ViewController.swift in Sources */,
				85E50D402A9F23DC005B99C3 /* AppDelegate.swift in Sources */,
				85E50D422A9F23DC005B99C3 /* SceneDelegate.swift in Sources */,
			);
			runOnlyForDeploymentPostprocessing = 0;
		};
/* End PBXSourcesBuildPhase section */

/* Begin PBXVariantGroup section */
		85E50D452A9F23DC005B99C3 /* Main.storyboard */ = {
			isa = PBXVariantGroup;
			children = (
				85E50D462A9F23DC005B99C3 /* Base */,
			);
			name = Main.storyboard;
			sourceTree = "<group>";
		};
		85E50D4A2A9F23DE005B99C3 /* LaunchScreen.storyboard */ = {
			isa = PBXVariantGroup;
			children = (
				85E50D4B2A9F23DE005B99C3 /* Base */,
			);
			name = LaunchScreen.storyboard;
			sourceTree = "<group>";
		};
/* End PBXVariantGroup section */

/* Begin XCBuildConfiguration section */
		85E50D4E2A9F23DE005B99C3 /* Debug */ = {
			isa = XCBuildConfiguration;
			buildSettings = {
				ALWAYS_SEARCH_USER_PATHS = NO;
				CLANG_ANALYZER_NONNULL = YES;
				CLANG_ANALYZER_NUMBER_OBJECT_CONVERSION = YES_AGGRESSIVE;
				CLANG_CXX_LANGUAGE_STANDARD = "gnu++20";
				CLANG_ENABLE_MODULES = YES;
				CLANG_ENABLE_OBJC_ARC = YES;
				CLANG_ENABLE_OBJC_WEAK = YES;
				CLANG_WARN_BLOCK_CAPTURE_AUTORELEASING = YES;
				CLANG_WARN_BOOL_CONVERSION = YES;
				CLANG_WARN_COMMA = YES;
				CLANG_WARN_CONSTANT_CONVERSION = YES;
				CLANG_WARN_DEPRECATED_OBJC_IMPLEMENTATIONS = YES;
				CLANG_WARN_DIRECT_OBJC_ISA_USAGE = YES_ERROR;
				CLANG_WARN_DOCUMENTATION_COMMENTS = YES;
				CLANG_WARN_EMPTY_BODY = YES;
				CLANG_WARN_ENUM_CONVERSION = YES;
				CLANG_WARN_INFINITE_RECURSION = YES;
				CLANG_WARN_INT_CONVERSION = YES;
				CLANG_WARN_NON_LITERAL_NULL_CONVERSION = YES;
				CLANG_WARN_OBJC_IMPLICIT_RETAIN_SELF = YES;
				CLANG_WARN_OBJC_LITERAL_CONVERSION = YES;
				CLANG_WARN_OBJC_ROOT_CLASS = YES_ERROR;
				CLANG_WARN_QUOTED_INCLUDE_IN_FRAMEWORK_HEADER = YES;
				CLANG_WARN_RANGE_LOOP_ANALYSIS = YES;
				CLANG_WARN_STRICT_PROTOTYPES = YES;
				CLANG_WARN_SUSPICIOUS_MOVE = YES;
				CLANG_WARN_UNGUARDED_AVAILABILITY = YES_AGGRESSIVE;
				CLANG_WARN_UNREACHABLE_CODE = YES;
				CLANG_WARN__DUPLICATE_METHOD_MATCH = YES;
				COPY_PHASE_STRIP = NO;
				DEBUG_INFORMATION_FORMAT = dwarf;
				ENABLE_STRICT_OBJC_MSGSEND = YES;
				ENABLE_TESTABILITY = YES;
				GCC_C_LANGUAGE_STANDARD = gnu11;
				GCC_DYNAMIC_NO_PIC = NO;
				GCC_NO_COMMON_BLOCKS = YES;
				GCC_OPTIMIZATION_LEVEL = 0;
				GCC_PREPROCESSOR_DEFINITIONS = (
					"DEBUG=1",
					"$(inherited)",
				);
				GCC_WARN_64_TO_32_BIT_CONVERSION = YES;
				GCC_WARN_ABOUT_RETURN_TYPE = YES_ERROR;
				GCC_WARN_UNDECLARED_SELECTOR = YES;
				GCC_WARN_UNINITIALIZED_AUTOS = YES_AGGRESSIVE;
				GCC_WARN_UNUSED_FUNCTION = YES;
				GCC_WARN_UNUSED_VARIABLE = YES;
				IPHONEOS_DEPLOYMENT_TARGET = 16.4;
				MTL_ENABLE_DEBUG_INFO = INCLUDE_SOURCE;
				MTL_FAST_MATH = YES;
				ONLY_ACTIVE_ARCH = YES;
				SDKROOT = iphoneos;
				SWIFT_ACTIVE_COMPILATION_CONDITIONS = DEBUG;
				SWIFT_OPTIMIZATION_LEVEL = "-Onone";
			};
			name = Debug;
		};
		85E50D4F2A9F23DE005B99C3 /* Release */ = {
			isa = XCBuildConfiguration;
			buildSettings = {
				ALWAYS_SEARCH_USER_PATHS = NO;
				CLANG_ANALYZER_NONNULL = YES;
				CLANG_ANALYZER_NUMBER_OBJECT_CONVERSION = YES_AGGRESSIVE;
				CLANG_CXX_LANGUAGE_STANDARD = "gnu++20";
				CLANG_ENABLE_MODULES = YES;
				CLANG_ENABLE_OBJC_ARC = YES;
				CLANG_ENABLE_OBJC_WEAK = YES;
				CLANG_WARN_BLOCK_CAPTURE_AUTORELEASING = YES;
				CLANG_WARN_BOOL_CONVERSION = YES;
				CLANG_WARN_COMMA = YES;
				CLANG_WARN_CONSTANT_CONVERSION = YES;
				CLANG_WARN_DEPRECATED_OBJC_IMPLEMENTATIONS = YES;
				CLANG_WARN_DIRECT_OBJC_ISA_USAGE = YES_ERROR;
				CLANG_WARN_DOCUMENTATION_COMMENTS = YES;
				CLANG_WARN_EMPTY_BODY = YES;
				CLANG_WARN_ENUM_CONVERSION = YES;
				CLANG_WARN_INFINITE_RECURSION = YES;
				CLANG_WARN_INT_CONVERSION = YES;
				CLANG_WARN_NON_LITERAL_NULL_CONVERSION = YES;
				CLANG_WARN_OBJC_IMPLICIT_RETAIN_SELF = YES;
				CLANG_WARN_OBJC_LITERAL_CONVERSION = YES;
				CLANG_WARN_OBJC_ROOT_CLASS = YES_ERROR;
				CLANG_WARN_QUOTED_INCLUDE_IN_FRAMEWORK_HEADER = YES;
				CLANG_WARN_RANGE_LOOP_ANALYSIS = YES;
				CLANG_WARN_STRICT_PROTOTYPES = YES;
				CLANG_WARN_SUSPICIOUS_MOVE = YES;
				CLANG_WARN_UNGUARDED_AVAILABILITY = YES_AGGRESSIVE;
				CLANG_WARN_UNREACHABLE_CODE = YES;
				CLANG_WARN__DUPLICATE_METHOD_MATCH = YES;
				COPY_PHASE_STRIP = NO;
				DEBUG_INFORMATION_FORMAT = "dwarf-with-dsym";
				ENABLE_NS_ASSERTIONS = NO;
				ENABLE_STRICT_OBJC_MSGSEND = YES;
				GCC_C_LANGUAGE_STANDARD = gnu11;
				GCC_NO_COMMON_BLOCKS = YES;
				GCC_WARN_64_TO_32_BIT_CONVERSION = YES;
				GCC_WARN_ABOUT_RETURN_TYPE = YES_ERROR;
				GCC_WARN_UNDECLARED_SELECTOR = YES;
				GCC_WARN_UNINITIALIZED_AUTOS = YES_AGGRESSIVE;
				GCC_WARN_UNUSED_FUNCTION = YES;
				GCC_WARN_UNUSED_VARIABLE = YES;
				IPHONEOS_DEPLOYMENT_TARGET = 16.4;
				MTL_ENABLE_DEBUG_INFO = NO;
				MTL_FAST_MATH = YES;
				SDKROOT = iphoneos;
				SWIFT_COMPILATION_MODE = wholemodule;
				SWIFT_OPTIMIZATION_LEVEL = "-O";
				VALIDATE_PRODUCT = YES;
			};
			name = Release;
		};
		85E50D512A9F23DE005B99C3 /* Debug */ = {
			isa = XCBuildConfiguration;
			baseConfigurationReference = BD830926749313FD293DE4D1 /* Pods-DemoCharts.debug.xcconfig */;
			buildSettings = {
				ASSETCATALOG_COMPILER_APPICON_NAME = AppIcon;
				ASSETCATALOG_COMPILER_GLOBAL_ACCENT_COLOR_NAME = AccentColor;
				CODE_SIGN_STYLE = Automatic;
				CURRENT_PROJECT_VERSION = 1;
				GENERATE_INFOPLIST_FILE = YES;
				INFOPLIST_FILE = DemoCharts/Info.plist;
				INFOPLIST_KEY_UIApplicationSupportsIndirectInputEvents = YES;
				INFOPLIST_KEY_UILaunchStoryboardName = LaunchScreen;
				INFOPLIST_KEY_UIMainStoryboardFile = Main;
				INFOPLIST_KEY_UISupportedInterfaceOrientations_iPad = "UIInterfaceOrientationPortrait UIInterfaceOrientationPortraitUpsideDown UIInterfaceOrientationLandscapeLeft UIInterfaceOrientationLandscapeRight";
				INFOPLIST_KEY_UISupportedInterfaceOrientations_iPhone = "UIInterfaceOrientationPortrait UIInterfaceOrientationLandscapeLeft UIInterfaceOrientationLandscapeRight";
				LD_RUNPATH_SEARCH_PATHS = (
					"$(inherited)",
					"@executable_path/Frameworks",
				);
				MARKETING_VERSION = 1.0;
				PRODUCT_BUNDLE_IDENTIFIER = com.menut.demo.charts.DemoCharts;
				PRODUCT_NAME = "$(TARGET_NAME)";
				SWIFT_EMIT_LOC_STRINGS = YES;
				SWIFT_VERSION = 5.0;
				TARGETED_DEVICE_FAMILY = "1,2";
			};
			name = Debug;
		};
		85E50D522A9F23DE005B99C3 /* Release */ = {
			isa = XCBuildConfiguration;
			baseConfigurationReference = E7AA6BEB03C3435B9E85947B /* Pods-DemoCharts.release.xcconfig */;
			buildSettings = {
				ASSETCATALOG_COMPILER_APPICON_NAME = AppIcon;
				ASSETCATALOG_COMPILER_GLOBAL_ACCENT_COLOR_NAME = AccentColor;
				CODE_SIGN_STYLE = Automatic;
				CURRENT_PROJECT_VERSION = 1;
				GENERATE_INFOPLIST_FILE = YES;
				INFOPLIST_FILE = DemoCharts/Info.plist;
				INFOPLIST_KEY_UIApplicationSupportsIndirectInputEvents = YES;
				INFOPLIST_KEY_UILaunchStoryboardName = LaunchScreen;
				INFOPLIST_KEY_UIMainStoryboardFile = Main;
				INFOPLIST_KEY_UISupportedInterfaceOrientations_iPad = "UIInterfaceOrientationPortrait UIInterfaceOrientationPortraitUpsideDown UIInterfaceOrientationLandscapeLeft UIInterfaceOrientationLandscapeRight";
				INFOPLIST_KEY_UISupportedInterfaceOrientations_iPhone = "UIInterfaceOrientationPortrait UIInterfaceOrientationLandscapeLeft UIInterfaceOrientationLandscapeRight";
				LD_RUNPATH_SEARCH_PATHS = (
					"$(inherited)",
					"@executable_path/Frameworks",
				);
				MARKETING_VERSION = 1.0;
				PRODUCT_BUNDLE_IDENTIFIER = com.menut.demo.charts.DemoCharts;
				PRODUCT_NAME = "$(TARGET_NAME)";
				SWIFT_EMIT_LOC_STRINGS = YES;
				SWIFT_VERSION = 5.0;
				TARGETED_DEVICE_FAMILY = "1,2";
			};
			name = Release;
		};
/* End XCBuildConfiguration section */

/* Begin XCConfigurationList section */
		85E50D372A9F23DC005B99C3 /* Build configuration list for PBXProject "DemoCharts" */ = {
			isa = XCConfigurationList;
			buildConfigurations = (
				85E50D4E2A9F23DE005B99C3 /* Debug */,
				85E50D4F2A9F23DE005B99C3 /* Release */,
			);
			defaultConfigurationIsVisible = 0;
			defaultConfigurationName = Release;
		};
		85E50D502A9F23DE005B99C3 /* Build configuration list for PBXNativeTarget "DemoCharts" */ = {
			isa = XCConfigurationList;
			buildConfigurations = (
				85E50D512A9F23DE005B99C3 /* Debug */,
				85E50D522A9F23DE005B99C3 /* Release */,
			);
			defaultConfigurationIsVisible = 0;
			defaultConfigurationName = Release;
		};
/* End XCConfigurationList section */
	};
	rootObject = 85E50D342A9F23DC005B99C3 /* Project object */;
}
